// !$*UTF8*$!
{
	archiveVersion = 1;
	classes = {
	};
	objectVersion = 48;
	objects = {

/* Begin PBXBuildFile section */
		0571D9A51FBB4C9800A395E4 /* AppDelegate.m in Sources */ = {isa = PBXBuildFile; fileRef = 0571D9A41FBB4C9800A395E4 /* AppDelegate.m */; };
		0571D9A81FBB4C9800A395E4 /* MasterViewController.m in Sources */ = {isa = PBXBuildFile; fileRef = 0571D9A71FBB4C9800A395E4 /* MasterViewController.m */; };
		0571D9AB1FBB4C9800A395E4 /* DetailViewController.m in Sources */ = {isa = PBXBuildFile; fileRef = 0571D9AA1FBB4C9800A395E4 /* DetailViewController.m */; };
		0571D9AE1FBB4C9800A395E4 /* Main.storyboard in Resources */ = {isa = PBXBuildFile; fileRef = 0571D9AC1FBB4C9800A395E4 /* Main.storyboard */; };
		0571D9B01FBB4C9800A395E4 /* Assets.xcassets in Resources */ = {isa = PBXBuildFile; fileRef = 0571D9AF1FBB4C9800A395E4 /* Assets.xcassets */; };
		0571D9B31FBB4C9800A395E4 /* LaunchScreen.storyboard in Resources */ = {isa = PBXBuildFile; fileRef = 0571D9B11FBB4C9800A395E4 /* LaunchScreen.storyboard */; };
		0571D9B61FBB4C9800A395E4 /* main.m in Sources */ = {isa = PBXBuildFile; fileRef = 0571D9B51FBB4C9800A395E4 /* main.m */; };
		0571D9BE1FBB504700A395E4 /* ToDo.m in Sources */ = {isa = PBXBuildFile; fileRef = 0571D9BD1FBB504700A395E4 /* ToDo.m */; };
		0571D9C11FBB5F5400A395E4 /* CustomTableViewCell.m in Sources */ = {isa = PBXBuildFile; fileRef = 0571D9C01FBB5F5400A395E4 /* CustomTableViewCell.m */; };
/* End PBXBuildFile section */

/* Begin PBXFileReference section */
		0571D9A01FBB4C9800A395E4 /* EveryDo.app */ = {isa = PBXFileReference; explicitFileType = wrapper.application; includeInIndex = 0; path = EveryDo.app; sourceTree = BUILT_PRODUCTS_DIR; };
		0571D9A31FBB4C9800A395E4 /* AppDelegate.h */ = {isa = PBXFileReference; lastKnownFileType = sourcecode.c.h; path = AppDelegate.h; sourceTree = "<group>"; };
		0571D9A41FBB4C9800A395E4 /* AppDelegate.m */ = {isa = PBXFileReference; lastKnownFileType = sourcecode.c.objc; path = AppDelegate.m; sourceTree = "<group>"; };
		0571D9A61FBB4C9800A395E4 /* MasterViewController.h */ = {isa = PBXFileReference; lastKnownFileType = sourcecode.c.h; path = MasterViewController.h; sourceTree = "<group>"; };
		0571D9A71FBB4C9800A395E4 /* MasterViewController.m */ = {isa = PBXFileReference; lastKnownFileType = sourcecode.c.objc; path = MasterViewController.m; sourceTree = "<group>"; };
		0571D9A91FBB4C9800A395E4 /* DetailViewController.h */ = {isa = PBXFileReference; lastKnownFileType = sourcecode.c.h; path = DetailViewController.h; sourceTree = "<group>"; };
		0571D9AA1FBB4C9800A395E4 /* DetailViewController.m */ = {isa = PBXFileReference; lastKnownFileType = sourcecode.c.objc; path = DetailViewController.m; sourceTree = "<group>"; };
		0571D9AD1FBB4C9800A395E4 /* Base */ = {isa = PBXFileReference; lastKnownFileType = file.storyboard; name = Base; path = Base.lproj/Main.storyboard; sourceTree = "<group>"; };
		0571D9AF1FBB4C9800A395E4 /* Assets.xcassets */ = {isa = PBXFileReference; lastKnownFileType = folder.assetcatalog; path = Assets.xcassets; sourceTree = "<group>"; };
		0571D9B21FBB4C9800A395E4 /* Base */ = {isa = PBXFileReference; lastKnownFileType = file.storyboard; name = Base; path = Base.lproj/LaunchScreen.storyboard; sourceTree = "<group>"; };
		0571D9B41FBB4C9800A395E4 /* Info.plist */ = {isa = PBXFileReference; lastKnownFileType = text.plist.xml; path = Info.plist; sourceTree = "<group>"; };
		0571D9B51FBB4C9800A395E4 /* main.m */ = {isa = PBXFileReference; lastKnownFileType = sourcecode.c.objc; path = main.m; sourceTree = "<group>"; };
		0571D9BC1FBB504700A395E4 /* ToDo.h */ = {isa = PBXFileReference; lastKnownFileType = sourcecode.c.h; path = ToDo.h; sourceTree = "<group>"; };
		0571D9BD1FBB504700A395E4 /* ToDo.m */ = {isa = PBXFileReference; lastKnownFileType = sourcecode.c.objc; path = ToDo.m; sourceTree = "<group>"; };
		0571D9BF1FBB5F5400A395E4 /* CustomTableViewCell.h */ = {isa = PBXFileReference; lastKnownFileType = sourcecode.c.h; path = CustomTableViewCell.h; sourceTree = "<group>"; };
		0571D9C01FBB5F5400A395E4 /* CustomTableViewCell.m */ = {isa = PBXFileReference; lastKnownFileType = sourcecode.c.objc; path = CustomTableViewCell.m; sourceTree = "<group>"; };
/* End PBXFileReference section */

/* Begin PBXFrameworksBuildPhase section */
		0571D99D1FBB4C9800A395E4 /* Frameworks */ = {
			isa = PBXFrameworksBuildPhase;
			buildActionMask = 2147483647;
			files = (
			);
			runOnlyForDeploymentPostprocessing = 0;
		};
/* End PBXFrameworksBuildPhase section */

/* Begin PBXGroup section */
		0571D9971FBB4C9800A395E4 = {
			isa = PBXGroup;
			children = (
				0571D9A21FBB4C9800A395E4 /* EveryDo */,
				0571D9A11FBB4C9800A395E4 /* Products */,
			);
			sourceTree = "<group>";
		};
		0571D9A11FBB4C9800A395E4 /* Products */ = {
			isa = PBXGroup;
			children = (
				0571D9A01FBB4C9800A395E4 /* EveryDo.app */,
			);
			name = Products;
			sourceTree = "<group>";
		};
		0571D9A21FBB4C9800A395E4 /* EveryDo */ = {
			isa = PBXGroup;
			children = (
				0571D9A31FBB4C9800A395E4 /* AppDelegate.h */,
				0571D9A41FBB4C9800A395E4 /* AppDelegate.m */,
				0571D9A61FBB4C9800A395E4 /* MasterViewController.h */,
				0571D9A71FBB4C9800A395E4 /* MasterViewController.m */,
				0571D9BF1FBB5F5400A395E4 /* CustomTableViewCell.h */,
				0571D9C01FBB5F5400A395E4 /* CustomTableViewCell.m */,
				0571D9A91FBB4C9800A395E4 /* DetailViewController.h */,
				0571D9AA1FBB4C9800A395E4 /* DetailViewController.m */,
				0571D9AC1FBB4C9800A395E4 /* Main.storyboard */,
				0571D9AF1FBB4C9800A395E4 /* Assets.xcassets */,
				0571D9B11FBB4C9800A395E4 /* LaunchScreen.storyboard */,
				0571D9B41FBB4C9800A395E4 /* Info.plist */,
				0571D9B51FBB4C9800A395E4 /* main.m */,
				0571D9BC1FBB504700A395E4 /* ToDo.h */,
				0571D9BD1FBB504700A395E4 /* ToDo.m */,
			);
			path = EveryDo;
			sourceTree = "<group>";
		};
/* End PBXGroup section */

/* Begin PBXNativeTarget section */
		0571D99F1FBB4C9800A395E4 /* EveryDo */ = {
			isa = PBXNativeTarget;
			buildConfigurationList = 0571D9B91FBB4C9800A395E4 /* Build configuration list for PBXNativeTarget "EveryDo" */;
			buildPhases = (
				0571D99C1FBB4C9800A395E4 /* Sources */,
				0571D99D1FBB4C9800A395E4 /* Frameworks */,
				0571D99E1FBB4C9800A395E4 /* Resources */,
			);
			buildRules = (
			);
			dependencies = (
			);
			name = EveryDo;
			productName = EveryDo;
			productReference = 0571D9A01FBB4C9800A395E4 /* EveryDo.app */;
			productType = "com.apple.product-type.application";
		};
/* End PBXNativeTarget section */

/* Begin PBXProject section */
		0571D9981FBB4C9800A395E4 /* Project object */ = {
			isa = PBXProject;
			attributes = {
				LastUpgradeCheck = 0910;
				ORGANIZATIONNAME = "Larry Luk";
				TargetAttributes = {
					0571D99F1FBB4C9800A395E4 = {
						CreatedOnToolsVersion = 9.1;
						ProvisioningStyle = Automatic;
					};
				};
			};
			buildConfigurationList = 0571D99B1FBB4C9800A395E4 /* Build configuration list for PBXProject "EveryDo" */;
			compatibilityVersion = "Xcode 8.0";
			developmentRegion = en;
			hasScannedForEncodings = 0;
			knownRegions = (
				en,
				Base,
			);
			mainGroup = 0571D9971FBB4C9800A395E4;
			productRefGroup = 0571D9A11FBB4C9800A395E4 /* Products */;
			projectDirPath = "";
			projectRoot = "";
			targets = (
				0571D99F1FBB4C9800A395E4 /* EveryDo */,
			);
		};
/* End PBXProject section */

/* Begin PBXResourcesBuildPhase section */
		0571D99E1FBB4C9800A395E4 /* Resources */ = {
			isa = PBXResourcesBuildPhase;
			buildActionMask = 2147483647;
			files = (
				0571D9B31FBB4C9800A395E4 /* LaunchScreen.storyboard in Resources */,
				0571D9B01FBB4C9800A395E4 /* Assets.xcassets in Resources */,
				0571D9AE1FBB4C9800A395E4 /* Main.storyboard in Resources */,
			);
			runOnlyForDeploymentPostprocessing = 0;
		};
/* End PBXResourcesBuildPhase section */

/* Begin PBXSourcesBuildPhase section */
		0571D99C1FBB4C9800A395E4 /* Sources */ = {
			isa = PBXSourcesBuildPhase;
			buildActionMask = 2147483647;
			files = (
				0571D9BE1FBB504700A395E4 /* ToDo.m in Sources */,
				0571D9A81FBB4C9800A395E4 /* MasterViewController.m in Sources */,
				0571D9C11FBB5F5400A395E4 /* CustomTableViewCell.m in Sources */,
				0571D9A51FBB4C9800A395E4 /* AppDelegate.m in Sources */,
				0571D9B61FBB4C9800A395E4 /* main.m in Sources */,
				0571D9AB1FBB4C9800A395E4 /* DetailViewController.m in Sources */,
			);
			runOnlyForDeploymentPostprocessing = 0;
		};
/* End PBXSourcesBuildPhase section */

/* Begin PBXVariantGroup section */
		0571D9AC1FBB4C9800A395E4 /* Main.storyboard */ = {
			isa = PBXVariantGroup;
			children = (
				0571D9AD1FBB4C9800A395E4 /* Base */,
			);
			name = Main.storyboard;
			sourceTree = "<group>";
		};
		0571D9B11FBB4C9800A395E4 /* LaunchScreen.storyboard */ = {
			isa = PBXVariantGroup;
			children = (
				0571D9B21FBB4C9800A395E4 /* Base */,
			);
			name = LaunchScreen.storyboard;
			sourceTree = "<group>";
		};
/* End PBXVariantGroup section */

/* Begin XCBuildConfiguration section */
		0571D9B71FBB4C9800A395E4 /* Debug */ = {
			isa = XCBuildConfiguration;
			buildSettings = {
				ALWAYS_SEARCH_USER_PATHS = NO;
				CLANG_ANALYZER_NONNULL = YES;
				CLANG_ANALYZER_NUMBER_OBJECT_CONVERSION = YES_AGGRESSIVE;
				CLANG_CXX_LANGUAGE_STANDARD = "gnu++14";
				CLANG_CXX_LIBRARY = "libc++";
				CLANG_ENABLE_MODULES = YES;
				CLANG_ENABLE_OBJC_ARC = YES;
				CLANG_WARN_BLOCK_CAPTURE_AUTORELEASING = YES;
				CLANG_WARN_BOOL_CONVERSION = YES;
				CLANG_WARN_COMMA = YES;
				CLANG_WARN_CONSTANT_CONVERSION = YES;
				CLANG_WARN_DIRECT_OBJC_ISA_USAGE = YES_ERROR;
				CLANG_WARN_DOCUMENTATION_COMMENTS = YES;
				CLANG_WARN_EMPTY_BODY = YES;
				CLANG_WARN_ENUM_CONVERSION = YES;
				CLANG_WARN_INFINITE_RECURSION = YES;
				CLANG_WARN_INT_CONVERSION = YES;
				CLANG_WARN_NON_LITERAL_NULL_CONVERSION = YES;
				CLANG_WARN_OBJC_LITERAL_CONVERSION = YES;
				CLANG_WARN_OBJC_ROOT_CLASS = YES_ERROR;
				CLANG_WARN_RANGE_LOOP_ANALYSIS = YES;
				CLANG_WARN_STRICT_PROTOTYPES = YES;
				CLANG_WARN_SUSPICIOUS_MOVE = YES;
				CLANG_WARN_UNGUARDED_AVAILABILITY = YES_AGGRESSIVE;
				CLANG_WARN_UNREACHABLE_CODE = YES;
				CLANG_WARN__DUPLICATE_METHOD_MATCH = YES;
				CODE_SIGN_IDENTITY = "iPhone Developer";
				COPY_PHASE_STRIP = NO;
				DEBUG_INFORMATION_FORMAT = dwarf;
				ENABLE_STRICT_OBJC_MSGSEND = YES;
				ENABLE_TESTABILITY = YES;
				GCC_C_LANGUAGE_STANDARD = gnu11;
				GCC_DYNAMIC_NO_PIC = NO;
				GCC_NO_COMMON_BLOCKS = YES;
				GCC_OPTIMIZATION_LEVEL = 0;
				GCC_PREPROCESSOR_DEFINITIONS = (
					"DEBUG=1",
					"$(inherited)",
				);
				GCC_WARN_64_TO_32_BIT_CONVERSION = YES;
				GCC_WARN_ABOUT_RETURN_TYPE = YES_ERROR;
				GCC_WARN_UNDECLARED_SELECTOR = YES;
				GCC_WARN_UNINITIALIZED_AUTOS = YES_AGGRESSIVE;
				GCC_WARN_UNUSED_FUNCTION = YES;
				GCC_WARN_UNUSED_VARIABLE = YES;
				IPHONEOS_DEPLOYMENT_TARGET = 11.1;
				MTL_ENABLE_DEBUG_INFO = YES;
				ONLY_ACTIVE_ARCH = YES;
				SDKROOT = iphoneos;
			};
			name = Debug;
		};
		0571D9B81FBB4C9800A395E4 /* Release */ = {
			isa = XCBuildConfiguration;
			buildSettings = {
				ALWAYS_SEARCH_USER_PATHS = NO;
				CLANG_ANALYZER_NONNULL = YES;
				CLANG_ANALYZER_NUMBER_OBJECT_CONVERSION = YES_AGGRESSIVE;
				CLANG_CXX_LANGUAGE_STANDARD = "gnu++14";
				CLANG_CXX_LIBRARY = "libc++";
				CLANG_ENABLE_MODULES = YES;
				CLANG_ENABLE_OBJC_ARC = YES;
				CLANG_WARN_BLOCK_CAPTURE_AUTORELEASING = YES;
				CLANG_WARN_BOOL_CONVERSION = YES;
				CLANG_WARN_COMMA = YES;
				CLANG_WARN_CONSTANT_CONVERSION = YES;
				CLANG_WARN_DIRECT_OBJC_ISA_USAGE = YES_ERROR;
				CLANG_WARN_DOCUMENTATION_COMMENTS = YES;
				CLANG_WARN_EMPTY_BODY = YES;
				CLANG_WARN_ENUM_CONVERSION = YES;
				CLANG_WARN_INFINITE_RECURSION = YES;
				CLANG_WARN_INT_CONVERSION = YES;
				CLANG_WARN_NON_LITERAL_NULL_CONVERSION = YES;
				CLANG_WARN_OBJC_LITERAL_CONVERSION = YES;
				CLANG_WARN_OBJC_ROOT_CLASS = YES_ERROR;
				CLANG_WARN_RANGE_LOOP_ANALYSIS = YES;
				CLANG_WARN_STRICT_PROTOTYPES = YES;
				CLANG_WARN_SUSPICIOUS_MOVE = YES;
				CLANG_WARN_UNGUARDED_AVAILABILITY = YES_AGGRESSIVE;
				CLANG_WARN_UNREACHABLE_CODE = YES;
				CLANG_WARN__DUPLICATE_METHOD_MATCH = YES;
				CODE_SIGN_IDENTITY = "iPhone Developer";
				COPY_PHASE_STRIP = NO;
				DEBUG_INFORMATION_FORMAT = "dwarf-with-dsym";
				ENABLE_NS_ASSERTIONS = NO;
				ENABLE_STRICT_OBJC_MSGSEND = YES;
				GCC_C_LANGUAGE_STANDARD = gnu11;
				GCC_NO_COMMON_BLOCKS = YES;
				GCC_WARN_64_TO_32_BIT_CONVERSION = YES;
				GCC_WARN_ABOUT_RETURN_TYPE = YES_ERROR;
				GCC_WARN_UNDECLARED_SELECTOR = YES;
				GCC_WARN_UNINITIALIZED_AUTOS = YES_AGGRESSIVE;
				GCC_WARN_UNUSED_FUNCTION = YES;
				GCC_WARN_UNUSED_VARIABLE = YES;
				IPHONEOS_DEPLOYMENT_TARGET = 11.1;
				MTL_ENABLE_DEBUG_INFO = NO;
				SDKROOT = iphoneos;
				VALIDATE_PRODUCT = YES;
			};
			name = Release;
		};
		0571D9BA1FBB4C9800A395E4 /* Debug */ = {
			isa = XCBuildConfiguration;
			buildSettings = {
				ASSETCATALOG_COMPILER_APPICON_NAME = AppIcon;
				CODE_SIGN_STYLE = Automatic;
				DEVELOPMENT_TEAM = H36FGN369H;
				INFOPLIST_FILE = EveryDo/Info.plist;
				LD_RUNPATH_SEARCH_PATHS = "$(inherited) @executable_path/Frameworks";
				PRODUCT_BUNDLE_IDENTIFIER = AppAppStudio.EveryDo;
				PRODUCT_NAME = "$(TARGET_NAME)";
				TARGETED_DEVICE_FAMILY = "1,2";
			};
			name = Debug;
		};
		0571D9BB1FBB4C9800A395E4 /* Release */ = {
			isa = XCBuildConfiguration;
			buildSettings = {
				ASSETCATALOG_COMPILER_APPICON_NAME = AppIcon;
				CODE_SIGN_STYLE = Automatic;
				DEVELOPMENT_TEAM = H36FGN369H;
				INFOPLIST_FILE = EveryDo/Info.plist;
				LD_RUNPATH_SEARCH_PATHS = "$(inherited) @executable_path/Frameworks";
				PRODUCT_BUNDLE_IDENTIFIER = AppAppStudio.EveryDo;
				PRODUCT_NAME = "$(TARGET_NAME)";
				TARGETED_DEVICE_FAMILY = "1,2";
			};
			name = Release;
		};
/* End XCBuildConfiguration section */

/* Begin XCConfigurationList section */
		0571D99B1FBB4C9800A395E4 /* Build configuration list for PBXProject "EveryDo" */ = {
			isa = XCConfigurationList;
			buildConfigurations = (
				0571D9B71FBB4C9800A395E4 /* Debug */,
				0571D9B81FBB4C9800A395E4 /* Release */,
			);
			defaultConfigurationIsVisible = 0;
			defaultConfigurationName = Release;
		};
		0571D9B91FBB4C9800A395E4 /* Build configuration list for PBXNativeTarget "EveryDo" */ = {
			isa = XCConfigurationList;
			buildConfigurations = (
				0571D9BA1FBB4C9800A395E4 /* Debug */,
				0571D9BB1FBB4C9800A395E4 /* Release */,
			);
			defaultConfigurationIsVisible = 0;
			defaultConfigurationName = Release;
		};
/* End XCConfigurationList section */
	};
	rootObject = 0571D9981FBB4C9800A395E4 /* Project object */;
}
